// !$*UTF8*$!
{
	archiveVersion = 1;
	classes = {
	};
	objectVersion = 77;
	objects = {

/* Begin PBXBuildFile section */
		FA4692A02DE6A5B0001F57CF /* ChatField in Frameworks */ = {isa = PBXBuildFile; productRef = FA46929F2DE6A5B0001F57CF /* ChatField */; };
/* End PBXBuildFile section */

/* Begin PBXContainerItemProxy section */
		FA23B3072D92ED2100831D63 /* PBXContainerItemProxy */ = {
			isa = PBXContainerItemProxy;
			containerPortal = FA23B2EC2D92ED2000831D63 /* Project object */;
			proxyType = 1;
			remoteGlobalIDString = FA23B2F32D92ED2000831D63;
			remoteInfo = FrontendAI;
		};
		FA23B3112D92ED2100831D63 /* PBXContainerItemProxy */ = {
			isa = PBXContainerItemProxy;
			containerPortal = FA23B2EC2D92ED2000831D63 /* Project object */;
			proxyType = 1;
			remoteGlobalIDString = FA23B2F32D92ED2000831D63;
			remoteInfo = FrontendAI;
		};
/* End PBXContainerItemProxy section */

/* Begin PBXFileReference section */
		FA23B2F42D92ED2000831D63 /* FrontendAI.app */ = {isa = PBXFileReference; explicitFileType = wrapper.application; includeInIndex = 0; path = FrontendAI.app; sourceTree = BUILT_PRODUCTS_DIR; };
		FA23B3062D92ED2100831D63 /* FrontendAITests.xctest */ = {isa = PBXFileReference; explicitFileType = wrapper.cfbundle; includeInIndex = 0; path = FrontendAITests.xctest; sourceTree = BUILT_PRODUCTS_DIR; };
		FA23B3102D92ED2100831D63 /* FrontendAIUITests.xctest */ = {isa = PBXFileReference; explicitFileType = wrapper.cfbundle; includeInIndex = 0; path = FrontendAIUITests.xctest; sourceTree = BUILT_PRODUCTS_DIR; };
/* End PBXFileReference section */

/* Begin PBXFileSystemSynchronizedBuildFileExceptionSet section */
		FA5E5CD62D97932200E73D8C /* Exceptions for "FrontendAI" folder in "FrontendAI" target */ = {
			isa = PBXFileSystemSynchronizedBuildFileExceptionSet;
			membershipExceptions = (
				Info.plist,
			);
			target = FA23B2F32D92ED2000831D63 /* FrontendAI */;
		};
/* End PBXFileSystemSynchronizedBuildFileExceptionSet section */

/* Begin PBXFileSystemSynchronizedRootGroup section */
		FA23B2F62D92ED2000831D63 /* FrontendAI */ = {
			isa = PBXFileSystemSynchronizedRootGroup;
			exceptions = (
				FA5E5CD62D97932200E73D8C /* Exceptions for "FrontendAI" folder in "FrontendAI" target */,
			);
			path = FrontendAI;
			sourceTree = "<group>";
		};
		FA23B3092D92ED2100831D63 /* FrontendAITests */ = {
			isa = PBXFileSystemSynchronizedRootGroup;
			path = FrontendAITests;
			sourceTree = "<group>";
		};
		FA23B3132D92ED2100831D63 /* FrontendAIUITests */ = {
			isa = PBXFileSystemSynchronizedRootGroup;
			path = FrontendAIUITests;
			sourceTree = "<group>";
		};
/* End PBXFileSystemSynchronizedRootGroup section */

/* Begin PBXFrameworksBuildPhase section */
		FA23B2F12D92ED2000831D63 /* Frameworks */ = {
			isa = PBXFrameworksBuildPhase;
			buildActionMask = 2147483647;
			files = (
				FA4692A02DE6A5B0001F57CF /* ChatField in Frameworks */,
			);
			runOnlyForDeploymentPostprocessing = 0;
		};
		FA23B3032D92ED2100831D63 /* Frameworks */ = {
			isa = PBXFrameworksBuildPhase;
			buildActionMask = 2147483647;
			files = (
			);
			runOnlyForDeploymentPostprocessing = 0;
		};
		FA23B30D2D92ED2100831D63 /* Frameworks */ = {
			isa = PBXFrameworksBuildPhase;
			buildActionMask = 2147483647;
			files = (
			);
			runOnlyForDeploymentPostprocessing = 0;
		};
/* End PBXFrameworksBuildPhase section */

/* Begin PBXGroup section */
		FA23B2EB2D92ED2000831D63 = {
			isa = PBXGroup;
			children = (
				FA23B2F62D92ED2000831D63 /* FrontendAI */,
				FA23B3092D92ED2100831D63 /* FrontendAITests */,
				FA23B3132D92ED2100831D63 /* FrontendAIUITests */,
				FA46929B2DE6A1FC001F57CF /* Frameworks */,
				FA23B2F52D92ED2000831D63 /* Products */,
			);
			sourceTree = "<group>";
		};
		FA23B2F52D92ED2000831D63 /* Products */ = {
			isa = PBXGroup;
			children = (
				FA23B2F42D92ED2000831D63 /* FrontendAI.app */,
				FA23B3062D92ED2100831D63 /* FrontendAITests.xctest */,
				FA23B3102D92ED2100831D63 /* FrontendAIUITests.xctest */,
			);
			name = Products;
			sourceTree = "<group>";
		};
		FA46929B2DE6A1FC001F57CF /* Frameworks */ = {
			isa = PBXGroup;
			children = (
			);
			name = Frameworks;
			sourceTree = "<group>";
		};
/* End PBXGroup section */

/* Begin PBXNativeTarget section */
		FA23B2F32D92ED2000831D63 /* FrontendAI */ = {
			isa = PBXNativeTarget;
			buildConfigurationList = FA23B31A2D92ED2100831D63 /* Build configuration list for PBXNativeTarget "FrontendAI" */;
			buildPhases = (
				FA23B2F02D92ED2000831D63 /* Sources */,
				FA23B2F12D92ED2000831D63 /* Frameworks */,
				FA23B2F22D92ED2000831D63 /* Resources */,
			);
			buildRules = (
			);
			dependencies = (
			);
			fileSystemSynchronizedGroups = (
				FA23B2F62D92ED2000831D63 /* FrontendAI */,
			);
			name = FrontendAI;
			packageProductDependencies = (
				FA46929F2DE6A5B0001F57CF /* ChatField */,
			);
			productName = FrontendAI;
			productReference = FA23B2F42D92ED2000831D63 /* FrontendAI.app */;
			productType = "com.apple.product-type.application";
		};
		FA23B3052D92ED2100831D63 /* FrontendAITests */ = {
			isa = PBXNativeTarget;
			buildConfigurationList = FA23B31D2D92ED2100831D63 /* Build configuration list for PBXNativeTarget "FrontendAITests" */;
			buildPhases = (
				FA23B3022D92ED2100831D63 /* Sources */,
				FA23B3032D92ED2100831D63 /* Frameworks */,
				FA23B3042D92ED2100831D63 /* Resources */,
			);
			buildRules = (
			);
			dependencies = (
				FA23B3082D92ED2100831D63 /* PBXTargetDependency */,
			);
			fileSystemSynchronizedGroups = (
				FA23B3092D92ED2100831D63 /* FrontendAITests */,
			);
			name = FrontendAITests;
			packageProductDependencies = (
			);
			productName = FrontendAITests;
			productReference = FA23B3062D92ED2100831D63 /* FrontendAITests.xctest */;
			productType = "com.apple.product-type.bundle.unit-test";
		};
		FA23B30F2D92ED2100831D63 /* FrontendAIUITests */ = {
			isa = PBXNativeTarget;
			buildConfigurationList = FA23B3202D92ED2100831D63 /* Build configuration list for PBXNativeTarget "FrontendAIUITests" */;
			buildPhases = (
				FA23B30C2D92ED2100831D63 /* Sources */,
				FA23B30D2D92ED2100831D63 /* Frameworks */,
				FA23B30E2D92ED2100831D63 /* Resources */,
			);
			buildRules = (
			);
			dependencies = (
				FA23B3122D92ED2100831D63 /* PBXTargetDependency */,
			);
			fileSystemSynchronizedGroups = (
				FA23B3132D92ED2100831D63 /* FrontendAIUITests */,
			);
			name = FrontendAIUITests;
			packageProductDependencies = (
			);
			productName = FrontendAIUITests;
			productReference = FA23B3102D92ED2100831D63 /* FrontendAIUITests.xctest */;
			productType = "com.apple.product-type.bundle.ui-testing";
		};
/* End PBXNativeTarget section */

/* Begin PBXProject section */
		FA23B2EC2D92ED2000831D63 /* Project object */ = {
			isa = PBXProject;
			attributes = {
				BuildIndependentTargetsInParallel = 1;
				LastSwiftUpdateCheck = 1620;
				LastUpgradeCheck = 1620;
				TargetAttributes = {
					FA23B2F32D92ED2000831D63 = {
						CreatedOnToolsVersion = 16.2;
					};
					FA23B3052D92ED2100831D63 = {
						CreatedOnToolsVersion = 16.2;
						TestTargetID = FA23B2F32D92ED2000831D63;
					};
					FA23B30F2D92ED2100831D63 = {
						CreatedOnToolsVersion = 16.2;
						TestTargetID = FA23B2F32D92ED2000831D63;
					};
				};
			};
			buildConfigurationList = FA23B2EF2D92ED2000831D63 /* Build configuration list for PBXProject "FrontendAI" */;
			developmentRegion = en;
			hasScannedForEncodings = 0;
			knownRegions = (
				en,
				Base,
			);
			mainGroup = FA23B2EB2D92ED2000831D63;
			minimizedProjectReferenceProxies = 1;
			packageReferences = (
				FA46929E2DE6A5B0001F57CF /* XCRemoteSwiftPackageReference "ChatField" */,
			);
			preferredProjectObjectVersion = 77;
			productRefGroup = FA23B2F52D92ED2000831D63 /* Products */;
			projectDirPath = "";
			projectRoot = "";
			targets = (
				FA23B2F32D92ED2000831D63 /* FrontendAI */,
				FA23B3052D92ED2100831D63 /* FrontendAITests */,
				FA23B30F2D92ED2100831D63 /* FrontendAIUITests */,
			);
		};
/* End PBXProject section */

/* Begin PBXResourcesBuildPhase section */
		FA23B2F22D92ED2000831D63 /* Resources */ = {
			isa = PBXResourcesBuildPhase;
			buildActionMask = 2147483647;
			files = (
			);
			runOnlyForDeploymentPostprocessing = 0;
		};
		FA23B3042D92ED2100831D63 /* Resources */ = {
			isa = PBXResourcesBuildPhase;
			buildActionMask = 2147483647;
			files = (
			);
			runOnlyForDeploymentPostprocessing = 0;
		};
		FA23B30E2D92ED2100831D63 /* Resources */ = {
			isa = PBXResourcesBuildPhase;
			buildActionMask = 2147483647;
			files = (
			);
			runOnlyForDeploymentPostprocessing = 0;
		};
/* End PBXResourcesBuildPhase section */

/* Begin PBXSourcesBuildPhase section */
		FA23B2F02D92ED2000831D63 /* Sources */ = {
			isa = PBXSourcesBuildPhase;
			buildActionMask = 2147483647;
			files = (
			);
			runOnlyForDeploymentPostprocessing = 0;
		};
		FA23B3022D92ED2100831D63 /* Sources */ = {
			isa = PBXSourcesBuildPhase;
			buildActionMask = 2147483647;
			files = (
			);
			runOnlyForDeploymentPostprocessing = 0;
		};
		FA23B30C2D92ED2100831D63 /* Sources */ = {
			isa = PBXSourcesBuildPhase;
			buildActionMask = 2147483647;
			files = (
			);
			runOnlyForDeploymentPostprocessing = 0;
		};
/* End PBXSourcesBuildPhase section */

/* Begin PBXTargetDependency section */
		FA23B3082D92ED2100831D63 /* PBXTargetDependency */ = {
			isa = PBXTargetDependency;
			target = FA23B2F32D92ED2000831D63 /* FrontendAI */;
			targetProxy = FA23B3072D92ED2100831D63 /* PBXContainerItemProxy */;
		};
		FA23B3122D92ED2100831D63 /* PBXTargetDependency */ = {
			isa = PBXTargetDependency;
			target = FA23B2F32D92ED2000831D63 /* FrontendAI */;
			targetProxy = FA23B3112D92ED2100831D63 /* PBXContainerItemProxy */;
		};
/* End PBXTargetDependency section */

/* Begin XCBuildConfiguration section */
		FA23B3182D92ED2100831D63 /* Debug */ = {
			isa = XCBuildConfiguration;
			buildSettings = {
				ALWAYS_SEARCH_USER_PATHS = NO;
				ASSETCATALOG_COMPILER_GENERATE_SWIFT_ASSET_SYMBOL_EXTENSIONS = YES;
				CLANG_ANALYZER_NONNULL = YES;
				CLANG_ANALYZER_NUMBER_OBJECT_CONVERSION = YES_AGGRESSIVE;
				CLANG_CXX_LANGUAGE_STANDARD = "gnu++20";
				CLANG_ENABLE_MODULES = YES;
				CLANG_ENABLE_OBJC_ARC = YES;
				CLANG_ENABLE_OBJC_WEAK = YES;
				CLANG_WARN_BLOCK_CAPTURE_AUTORELEASING = YES;
				CLANG_WARN_BOOL_CONVERSION = YES;
				CLANG_WARN_COMMA = YES;
				CLANG_WARN_CONSTANT_CONVERSION = YES;
				CLANG_WARN_DEPRECATED_OBJC_IMPLEMENTATIONS = YES;
				CLANG_WARN_DIRECT_OBJC_ISA_USAGE = YES_ERROR;
				CLANG_WARN_DOCUMENTATION_COMMENTS = YES;
				CLANG_WARN_EMPTY_BODY = YES;
				CLANG_WARN_ENUM_CONVERSION = YES;
				CLANG_WARN_INFINITE_RECURSION = YES;
				CLANG_WARN_INT_CONVERSION = YES;
				CLANG_WARN_NON_LITERAL_NULL_CONVERSION = YES;
				CLANG_WARN_OBJC_IMPLICIT_RETAIN_SELF = YES;
				CLANG_WARN_OBJC_LITERAL_CONVERSION = YES;
				CLANG_WARN_OBJC_ROOT_CLASS = YES_ERROR;
				CLANG_WARN_QUOTED_INCLUDE_IN_FRAMEWORK_HEADER = YES;
				CLANG_WARN_RANGE_LOOP_ANALYSIS = YES;
				CLANG_WARN_STRICT_PROTOTYPES = YES;
				CLANG_WARN_SUSPICIOUS_MOVE = YES;
				CLANG_WARN_UNGUARDED_AVAILABILITY = YES_AGGRESSIVE;
				CLANG_WARN_UNREACHABLE_CODE = YES;
				CLANG_WARN__DUPLICATE_METHOD_MATCH = YES;
				COPY_PHASE_STRIP = NO;
				DEBUG_INFORMATION_FORMAT = dwarf;
				ENABLE_STRICT_OBJC_MSGSEND = YES;
				ENABLE_TESTABILITY = YES;
				ENABLE_USER_SCRIPT_SANDBOXING = YES;
				GCC_C_LANGUAGE_STANDARD = gnu17;
				GCC_DYNAMIC_NO_PIC = NO;
				GCC_NO_COMMON_BLOCKS = YES;
				GCC_OPTIMIZATION_LEVEL = 0;
				GCC_PREPROCESSOR_DEFINITIONS = (
					"DEBUG=1",
					"$(inherited)",
				);
				GCC_WARN_64_TO_32_BIT_CONVERSION = YES;
				GCC_WARN_ABOUT_RETURN_TYPE = YES_ERROR;
				GCC_WARN_UNDECLARED_SELECTOR = YES;
				GCC_WARN_UNINITIALIZED_AUTOS = YES_AGGRESSIVE;
				GCC_WARN_UNUSED_FUNCTION = YES;
				GCC_WARN_UNUSED_VARIABLE = YES;
				IPHONEOS_DEPLOYMENT_TARGET = 18.2;
				LOCALIZATION_PREFERS_STRING_CATALOGS = YES;
				MTL_ENABLE_DEBUG_INFO = INCLUDE_SOURCE;
				MTL_FAST_MATH = YES;
				ONLY_ACTIVE_ARCH = YES;
				SDKROOT = iphoneos;
				SWIFT_ACTIVE_COMPILATION_CONDITIONS = "DEBUG $(inherited)";
				SWIFT_OPTIMIZATION_LEVEL = "-Onone";
			};
			name = Debug;
		};
		FA23B3192D92ED2100831D63 /* Release */ = {
			isa = XCBuildConfiguration;
			buildSettings = {
				ALWAYS_SEARCH_USER_PATHS = NO;
				ASSETCATALOG_COMPILER_GENERATE_SWIFT_ASSET_SYMBOL_EXTENSIONS = YES;
				CLANG_ANALYZER_NONNULL = YES;
				CLANG_ANALYZER_NUMBER_OBJECT_CONVERSION = YES_AGGRESSIVE;
				CLANG_CXX_LANGUAGE_STANDARD = "gnu++20";
				CLANG_ENABLE_MODULES = YES;
				CLANG_ENABLE_OBJC_ARC = YES;
				CLANG_ENABLE_OBJC_WEAK = YES;
				CLANG_WARN_BLOCK_CAPTURE_AUTORELEASING = YES;
				CLANG_WARN_BOOL_CONVERSION = YES;
				CLANG_WARN_COMMA = YES;
				CLANG_WARN_CONSTANT_CONVERSION = YES;
				CLANG_WARN_DEPRECATED_OBJC_IMPLEMENTATIONS = YES;
				CLANG_WARN_DIRECT_OBJC_ISA_USAGE = YES_ERROR;
				CLANG_WARN_DOCUMENTATION_COMMENTS = YES;
				CLANG_WARN_EMPTY_BODY = YES;
				CLANG_WARN_ENUM_CONVERSION = YES;
				CLANG_WARN_INFINITE_RECURSION = YES;
				CLANG_WARN_INT_CONVERSION = YES;
				CLANG_WARN_NON_LITERAL_NULL_CONVERSION = YES;
				CLANG_WARN_OBJC_IMPLICIT_RETAIN_SELF = YES;
				CLANG_WARN_OBJC_LITERAL_CONVERSION = YES;
				CLANG_WARN_OBJC_ROOT_CLASS = YES_ERROR;
				CLANG_WARN_QUOTED_INCLUDE_IN_FRAMEWORK_HEADER = YES;
				CLANG_WARN_RANGE_LOOP_ANALYSIS = YES;
				CLANG_WARN_STRICT_PROTOTYPES = YES;
				CLANG_WARN_SUSPICIOUS_MOVE = YES;
				CLANG_WARN_UNGUARDED_AVAILABILITY = YES_AGGRESSIVE;
				CLANG_WARN_UNREACHABLE_CODE = YES;
				CLANG_WARN__DUPLICATE_METHOD_MATCH = YES;
				COPY_PHASE_STRIP = NO;
				DEBUG_INFORMATION_FORMAT = "dwarf-with-dsym";
				ENABLE_NS_ASSERTIONS = NO;
				ENABLE_STRICT_OBJC_MSGSEND = YES;
				ENABLE_USER_SCRIPT_SANDBOXING = YES;
				GCC_C_LANGUAGE_STANDARD = gnu17;
				GCC_NO_COMMON_BLOCKS = YES;
				GCC_WARN_64_TO_32_BIT_CONVERSION = YES;
				GCC_WARN_ABOUT_RETURN_TYPE = YES_ERROR;
				GCC_WARN_UNDECLARED_SELECTOR = YES;
				GCC_WARN_UNINITIALIZED_AUTOS = YES_AGGRESSIVE;
				GCC_WARN_UNUSED_FUNCTION = YES;
				GCC_WARN_UNUSED_VARIABLE = YES;
				IPHONEOS_DEPLOYMENT_TARGET = 18.2;
				LOCALIZATION_PREFERS_STRING_CATALOGS = YES;
				MTL_ENABLE_DEBUG_INFO = NO;
				MTL_FAST_MATH = YES;
				SDKROOT = iphoneos;
				SWIFT_COMPILATION_MODE = wholemodule;
				VALIDATE_PRODUCT = YES;
			};
			name = Release;
		};
		FA23B31B2D92ED2100831D63 /* Debug */ = {
			isa = XCBuildConfiguration;
			buildSettings = {
				ASSETCATALOG_COMPILER_APPICON_NAME = AppIcon;
				ASSETCATALOG_COMPILER_GLOBAL_ACCENT_COLOR_NAME = AccentColor;
				CODE_SIGN_IDENTITY = "Apple Development";
				CODE_SIGN_STYLE = Automatic;
				CURRENT_PROJECT_VERSION = 1;
				DEVELOPMENT_ASSET_PATHS = "\"FrontendAI/Preview Content\"";
				DEVELOPMENT_TEAM = 4JMQYQ3APH;
				ENABLE_PREVIEWS = YES;
				GENERATE_INFOPLIST_FILE = YES;
				INFOPLIST_FILE = FrontendAI/Info.plist;
				INFOPLIST_KEY_UIApplicationSceneManifest_Generation = YES;
				INFOPLIST_KEY_UIApplicationSupportsIndirectInputEvents = YES;
				INFOPLIST_KEY_UILaunchScreen_Generation = YES;
				INFOPLIST_KEY_UISupportedInterfaceOrientations_iPad = "UIInterfaceOrientationPortrait UIInterfaceOrientationPortraitUpsideDown UIInterfaceOrientationLandscapeLeft UIInterfaceOrientationLandscapeRight";
				INFOPLIST_KEY_UISupportedInterfaceOrientations_iPhone = "UIInterfaceOrientationPortrait UIInterfaceOrientationLandscapeLeft UIInterfaceOrientationLandscapeRight";
				IPHONEOS_DEPLOYMENT_TARGET = 17.6;
				LD_RUNPATH_SEARCH_PATHS = (
					"$(inherited)",
					"@executable_path/Frameworks",
				);
				MARKETING_VERSION = 1.0;
				PRODUCT_BUNDLE_IDENTIFIER = testgody.FrontendAI;
				PRODUCT_NAME = "$(TARGET_NAME)";
				PROVISIONING_PROFILE_SPECIFIER = "";
				SWIFT_EMIT_LOC_STRINGS = YES;
				SWIFT_VERSION = 5.0;
				TARGETED_DEVICE_FAMILY = "1,2";
			};
			name = Debug;
		};
		FA23B31C2D92ED2100831D63 /* Release */ = {
			isa = XCBuildConfiguration;
			buildSettings = {
				ASSETCATALOG_COMPILER_APPICON_NAME = AppIcon;
				ASSETCATALOG_COMPILER_GLOBAL_ACCENT_COLOR_NAME = AccentColor;
				CODE_SIGN_IDENTITY = "Apple Development";
				CODE_SIGN_STYLE = Automatic;
				CURRENT_PROJECT_VERSION = 1;
				DEVELOPMENT_ASSET_PATHS = "\"FrontendAI/Preview Content\"";
				DEVELOPMENT_TEAM = 4JMQYQ3APH;
				ENABLE_PREVIEWS = YES;
				GENERATE_INFOPLIST_FILE = YES;
				INFOPLIST_FILE = FrontendAI/Info.plist;
				INFOPLIST_KEY_UIApplicationSceneManifest_Generation = YES;
				INFOPLIST_KEY_UIApplicationSupportsIndirectInputEvents = YES;
				INFOPLIST_KEY_UILaunchScreen_Generation = YES;
				INFOPLIST_KEY_UISupportedInterfaceOrientations_iPad = "UIInterfaceOrientationPortrait UIInterfaceOrientationPortraitUpsideDown UIInterfaceOrientationLandscapeLeft UIInterfaceOrientationLandscapeRight";
				INFOPLIST_KEY_UISupportedInterfaceOrientations_iPhone = "UIInterfaceOrientationPortrait UIInterfaceOrientationLandscapeLeft UIInterfaceOrientationLandscapeRight";
				IPHONEOS_DEPLOYMENT_TARGET = 17.6;
				LD_RUNPATH_SEARCH_PATHS = (
					"$(inherited)",
					"@executable_path/Frameworks",
				);
				MARKETING_VERSION = 1.0;
				PRODUCT_BUNDLE_IDENTIFIER = testgody.FrontendAI;
				PRODUCT_NAME = "$(TARGET_NAME)";
				PROVISIONING_PROFILE_SPECIFIER = "";
				SWIFT_EMIT_LOC_STRINGS = YES;
				SWIFT_VERSION = 5.0;
				TARGETED_DEVICE_FAMILY = "1,2";
			};
			name = Release;
		};
		FA23B31E2D92ED2100831D63 /* Debug */ = {
			isa = XCBuildConfiguration;
			buildSettings = {
				BUNDLE_LOADER = "$(TEST_HOST)";
				CODE_SIGN_STYLE = Automatic;
				CURRENT_PROJECT_VERSION = 1;
				DEVELOPMENT_TEAM = 4JMQYQ3APH;
				GENERATE_INFOPLIST_FILE = YES;
				IPHONEOS_DEPLOYMENT_TARGET = 18.2;
				MARKETING_VERSION = 1.0;
				PRODUCT_BUNDLE_IDENTIFIER = testgody.FrontendAITests;
				PRODUCT_NAME = "$(TARGET_NAME)";
				SWIFT_EMIT_LOC_STRINGS = NO;
				SWIFT_VERSION = 5.0;
				TARGETED_DEVICE_FAMILY = "1,2";
				TEST_HOST = "$(BUILT_PRODUCTS_DIR)/FrontendAI.app/$(BUNDLE_EXECUTABLE_FOLDER_PATH)/FrontendAI";
			};
			name = Debug;
		};
		FA23B31F2D92ED2100831D63 /* Release */ = {
			isa = XCBuildConfiguration;
			buildSettings = {
				BUNDLE_LOADER = "$(TEST_HOST)";
				CODE_SIGN_STYLE = Automatic;
				CURRENT_PROJECT_VERSION = 1;
				DEVELOPMENT_TEAM = 4JMQYQ3APH;
				GENERATE_INFOPLIST_FILE = YES;
				IPHONEOS_DEPLOYMENT_TARGET = 18.2;
				MARKETING_VERSION = 1.0;
				PRODUCT_BUNDLE_IDENTIFIER = testgody.FrontendAITests;
				PRODUCT_NAME = "$(TARGET_NAME)";
				SWIFT_EMIT_LOC_STRINGS = NO;
				SWIFT_VERSION = 5.0;
				TARGETED_DEVICE_FAMILY = "1,2";
				TEST_HOST = "$(BUILT_PRODUCTS_DIR)/FrontendAI.app/$(BUNDLE_EXECUTABLE_FOLDER_PATH)/FrontendAI";
			};
			name = Release;
		};
		FA23B3212D92ED2100831D63 /* Debug */ = {
			isa = XCBuildConfiguration;
			buildSettings = {
				CODE_SIGN_STYLE = Automatic;
				CURRENT_PROJECT_VERSION = 1;
				DEVELOPMENT_TEAM = 4JMQYQ3APH;
				GENERATE_INFOPLIST_FILE = YES;
				MARKETING_VERSION = 1.0;
				PRODUCT_BUNDLE_IDENTIFIER = testgody.FrontendAIUITests;
				PRODUCT_NAME = "$(TARGET_NAME)";
				SWIFT_EMIT_LOC_STRINGS = NO;
				SWIFT_VERSION = 5.0;
				TARGETED_DEVICE_FAMILY = "1,2";
				TEST_TARGET_NAME = FrontendAI;
			};
			name = Debug;
		};
		FA23B3222D92ED2100831D63 /* Release */ = {
			isa = XCBuildConfiguration;
			buildSettings = {
				CODE_SIGN_STYLE = Automatic;
				CURRENT_PROJECT_VERSION = 1;
				DEVELOPMENT_TEAM = 4JMQYQ3APH;
				GENERATE_INFOPLIST_FILE = YES;
				MARKETING_VERSION = 1.0;
				PRODUCT_BUNDLE_IDENTIFIER = testgody.FrontendAIUITests;
				PRODUCT_NAME = "$(TARGET_NAME)";
				SWIFT_EMIT_LOC_STRINGS = NO;
				SWIFT_VERSION = 5.0;
				TARGETED_DEVICE_FAMILY = "1,2";
				TEST_TARGET_NAME = FrontendAI;
			};
			name = Release;
		};
/* End XCBuildConfiguration section */

/* Begin XCConfigurationList section */
		FA23B2EF2D92ED2000831D63 /* Build configuration list for PBXProject "FrontendAI" */ = {
			isa = XCConfigurationList;
			buildConfigurations = (
				FA23B3182D92ED2100831D63 /* Debug */,
				FA23B3192D92ED2100831D63 /* Release */,
			);
			defaultConfigurationIsVisible = 0;
			defaultConfigurationName = Release;
		};
		FA23B31A2D92ED2100831D63 /* Build configuration list for PBXNativeTarget "FrontendAI" */ = {
			isa = XCConfigurationList;
			buildConfigurations = (
				FA23B31B2D92ED2100831D63 /* Debug */,
				FA23B31C2D92ED2100831D63 /* Release */,
			);
			defaultConfigurationIsVisible = 0;
			defaultConfigurationName = Release;
		};
		FA23B31D2D92ED2100831D63 /* Build configuration list for PBXNativeTarget "FrontendAITests" */ = {
			isa = XCConfigurationList;
			buildConfigurations = (
				FA23B31E2D92ED2100831D63 /* Debug */,
				FA23B31F2D92ED2100831D63 /* Release */,
			);
			defaultConfigurationIsVisible = 0;
			defaultConfigurationName = Release;
		};
		FA23B3202D92ED2100831D63 /* Build configuration list for PBXNativeTarget "FrontendAIUITests" */ = {
			isa = XCConfigurationList;
			buildConfigurations = (
				FA23B3212D92ED2100831D63 /* Debug */,
				FA23B3222D92ED2100831D63 /* Release */,
			);
			defaultConfigurationIsVisible = 0;
			defaultConfigurationName = Release;
		};
/* End XCConfigurationList section */

/* Begin XCRemoteSwiftPackageReference section */
		FA46929E2DE6A5B0001F57CF /* XCRemoteSwiftPackageReference "ChatField" */ = {
			isa = XCRemoteSwiftPackageReference;
			repositoryURL = "https://github.com/kevinhermawan/ChatField";
			requirement = {
				kind = upToNextMajorVersion;
				minimumVersion = 3.0.4;
			};
		};
/* End XCRemoteSwiftPackageReference section */

/* Begin XCSwiftPackageProductDependency section */
		FA46929F2DE6A5B0001F57CF /* ChatField */ = {
			isa = XCSwiftPackageProductDependency;
			package = FA46929E2DE6A5B0001F57CF /* XCRemoteSwiftPackageReference "ChatField" */;
			productName = ChatField;
		};
/* End XCSwiftPackageProductDependency section */
	};
	rootObject = FA23B2EC2D92ED2000831D63 /* Project object */;
}
